
Microsoft Visual Studio Solution File, Format Version 12.00
# Visual Studio Version 17
VisualStudioVersion = 17.1.32421.90
MinimumVisualStudioVersion = 10.0.40219.1
Project("{FAE04EC0-301F-11D3-BF4B-00C04F79EFBC}") = "Arkanoid_IT2", "Arkanoid_IT2\Arkanoid_IT2.csproj", "{90FAAD07-2B10-4CF6-9646-1F604CD3C5C3}"
EndProject
Global
	GlobalSection(SolutionConfigurationPlatforms) = preSolution
		Debug|Any CPU = Debug|Any CPU
		Release|Any CPU = Release|Any CPU
	EndGlobalSection
	GlobalSection(ProjectConfigurationPlatforms) = postSolution
		{90FAAD07-2B10-4CF6-9646-1F604CD3C5C3}.Debug|Any CPU.ActiveCfg = Debug|Any CPU
		{90FAAD07-2B10-4CF6-9646-1F604CD3C5C3}.Debug|Any CPU.Build.0 = Debug|Any CPU
		{90FAAD07-2B10-4CF6-9646-1F604CD3C5C3}.Release|Any CPU.ActiveCfg = Release|Any CPU
		{90FAAD07-2B10-4CF6-9646-1F604CD3C5C3}.Release|Any CPU.Build.0 = Release|Any CPU
	EndGlobalSection
	GlobalSection(SolutionProperties) = preSolution
		HideSolutionNode = FALSE
	EndGlobalSection
	GlobalSection(ExtensibilityGlobals) = postSolution
		SolutionGuid = {E2FA5753-C33A-4B5A-9608-0021EA72A150}
	EndGlobalSection
EndGlobal
